# This file is generated by running "yarn install" inside your project.
# Manual changes might be lost - proceed with caution!

__metadata:
  version: 8
  cacheKey: 10c0

"@colors/colors@npm:1.5.0":
  version: 1.5.0
  resolution: "@colors/colors@npm:1.5.0"
  checksum: 10c0/eb42729851adca56d19a08e48d5a1e95efd2a32c55ae0323de8119052be0510d4b7a1611f2abcbf28c044a6c11e6b7d38f99fccdad7429300c37a8ea5fb95b44
  languageName: node
  linkType: hard

"@grpc/grpc-js@npm:^1.9.0":
  version: 1.14.3
  resolution: "@grpc/grpc-js@npm:1.14.3"
  dependencies:
    "@grpc/proto-loader": "npm:^0.8.0"
    "@js-sdsl/ordered-map": "npm:^4.4.2"
  checksum: 10c0/f41f06a311b93cca8c472d56e21387e0f7b57bb2337a91d15ea4279bac8ec4fa0de6bd0d881201229ab800c0f0c55277911ecb850e057f20a828d0ddd623551d
  languageName: node
  linkType: hard

"@grpc/proto-loader@npm:^0.7.0":
  version: 0.7.15
  resolution: "@grpc/proto-loader@npm:0.7.15"
  dependencies:
    lodash.camelcase: "npm:^4.3.0"
    long: "npm:^5.0.0"
    protobufjs: "npm:^7.2.5"
    yargs: "npm:^17.7.2"
  bin:
    proto-loader-gen-types: build/bin/proto-loader-gen-types.js
  checksum: 10c0/514a134a724b56d73d0a202b7e02c84479da21e364547bacb2f4995ebc0d52412a1a21653add9f004ebd146c1e6eb4bcb0b8846fdfe1bfa8a98ed8f3d203da4a
  languageName: node
  linkType: hard

"@grpc/proto-loader@npm:^0.8.0":
  version: 0.8.0
  resolution: "@grpc/proto-loader@npm:0.8.0"
  dependencies:
    lodash.camelcase: "npm:^4.3.0"
    long: "npm:^5.0.0"
    protobufjs: "npm:^7.5.3"
    yargs: "npm:^17.7.2"
  bin:
    proto-loader-gen-types: build/bin/proto-loader-gen-types.js
  checksum: 10c0/a27da3b85d5d17bab956d536786c717287eae46ca264ea9ec774db90ff571955bae2705809f431b4622fbf3be9951d7c7bbb1360b2015ee88abe1587cf3d6fe0
  languageName: node
  linkType: hard

"@js-sdsl/ordered-map@npm:^4.4.2":
  version: 4.4.2
  resolution: "@js-sdsl/ordered-map@npm:4.4.2"
  checksum: 10c0/cc7e15dc4acf6d9ef663757279600bab70533d847dcc1ab01332e9e680bd30b77cdf9ad885cc774276f51d98b05a013571c940e5b360985af5eb798dc1a2ee2b
  languageName: node
  linkType: hard

"@protobufjs/aspromise@npm:^1.1.1, @protobufjs/aspromise@npm:^1.1.2":
  version: 1.1.2
  resolution: "@protobufjs/aspromise@npm:1.1.2"
  checksum: 10c0/a83343a468ff5b5ec6bff36fd788a64c839e48a07ff9f4f813564f58caf44d011cd6504ed2147bf34835bd7a7dd2107052af755961c6b098fd8902b4f6500d0f
  languageName: node
  linkType: hard

"@protobufjs/base64@npm:^1.1.2":
  version: 1.1.2
  resolution: "@protobufjs/base64@npm:1.1.2"
  checksum: 10c0/eec925e681081af190b8ee231f9bad3101e189abbc182ff279da6b531e7dbd2a56f1f306f37a80b1be9e00aa2d271690d08dcc5f326f71c9eed8546675c8caf6
  languageName: node
  linkType: hard

"@protobufjs/codegen@npm:^2.0.4":
  version: 2.0.4
  resolution: "@protobufjs/codegen@npm:2.0.4"
  checksum: 10c0/26ae337c5659e41f091606d16465bbcc1df1f37cc1ed462438b1f67be0c1e28dfb2ca9f294f39100c52161aef82edf758c95d6d75650a1ddf31f7ddee1440b43
  languageName: node
  linkType: hard

"@protobufjs/eventemitter@npm:^1.1.0":
  version: 1.1.0
  resolution: "@protobufjs/eventemitter@npm:1.1.0"
  checksum: 10c0/1eb0a75180e5206d1033e4138212a8c7089a3d418c6dfa5a6ce42e593a4ae2e5892c4ef7421f38092badba4040ea6a45f0928869989411001d8c1018ea9a6e70
  languageName: node
  linkType: hard

"@protobufjs/fetch@npm:^1.1.0":
  version: 1.1.0
  resolution: "@protobufjs/fetch@npm:1.1.0"
  dependencies:
    "@protobufjs/aspromise": "npm:^1.1.1"
    "@protobufjs/inquire": "npm:^1.1.0"
  checksum: 10c0/cda6a3dc2d50a182c5865b160f72077aac197046600091dbb005dd0a66db9cce3c5eaed6d470ac8ed49d7bcbeef6ee5f0bc288db5ff9a70cbd003e5909065233
  languageName: node
  linkType: hard

"@protobufjs/float@npm:^1.0.2":
  version: 1.0.2
  resolution: "@protobufjs/float@npm:1.0.2"
  checksum: 10c0/18f2bdede76ffcf0170708af15c9c9db6259b771e6b84c51b06df34a9c339dbbeec267d14ce0bddd20acc142b1d980d983d31434398df7f98eb0c94a0eb79069
  languageName: node
  linkType: hard

"@protobufjs/inquire@npm:^1.1.0":
  version: 1.1.0
  resolution: "@protobufjs/inquire@npm:1.1.0"
  checksum: 10c0/64372482efcba1fb4d166a2664a6395fa978b557803857c9c03500e0ac1013eb4b1aacc9ed851dd5fc22f81583670b4f4431bae186f3373fedcfde863ef5921a
  languageName: node
  linkType: hard

"@protobufjs/path@npm:^1.1.2":
  version: 1.1.2
  resolution: "@protobufjs/path@npm:1.1.2"
  checksum: 10c0/cece0a938e7f5dfd2fa03f8c14f2f1cf8b0d6e13ac7326ff4c96ea311effd5fb7ae0bba754fbf505312af2e38500250c90e68506b97c02360a43793d88a0d8b4
  languageName: node
  linkType: hard

"@protobufjs/pool@npm:^1.1.0":
  version: 1.1.0
  resolution: "@protobufjs/pool@npm:1.1.0"
  checksum: 10c0/eda2718b7f222ac6e6ad36f758a92ef90d26526026a19f4f17f668f45e0306a5bd734def3f48f51f8134ae0978b6262a5c517c08b115a551756d1a3aadfcf038
  languageName: node
  linkType: hard

"@protobufjs/utf8@npm:^1.1.0":
  version: 1.1.0
  resolution: "@protobufjs/utf8@npm:1.1.0"
  checksum: 10c0/a3fe31fe3fa29aa3349e2e04ee13dc170cc6af7c23d92ad49e3eeaf79b9766264544d3da824dba93b7855bd6a2982fb40032ef40693da98a136d835752beb487
  languageName: node
  linkType: hard

"@types/node@npm:>=13.7.0":
  version: 25.5.2
  resolution: "@types/node@npm:25.5.2"
  dependencies:
    undici-types: "npm:~7.18.0"
  checksum: 10c0/11e41a85401724cd1a4de6fb7bd4264ec46db10c09fc8cf8d41de4ede0a7063db458348f859ead4ec0929906aa26aaf45a5fef3aa59742ca0521cda9cee52377
  languageName: node
  linkType: hard

"abbrev@npm:1":
  version: 1.1.1
  resolution: "abbrev@npm:1.1.1"
  checksum: 10c0/3f762677702acb24f65e813070e306c61fafe25d4b2583f9dfc935131f774863f3addd5741572ed576bd69cabe473c5af18e1e108b829cb7b6b4747884f726e6
  languageName: node
  linkType: hard

"ansi-escapes@npm:^6.2.0":
  version: 6.2.1
  resolution: "ansi-escapes@npm:6.2.1"
  checksum: 10c0/a2c6f58b044be5f69662ee17073229b492daa2425a7fd99a665db6c22eab6e4ab42752807def7281c1c7acfed48f87f2362dda892f08c2c437f1b39c6b033103
  languageName: node
  linkType: hard

"ansi-regex@npm:^2.0.0":
  version: 2.1.1
  resolution: "ansi-regex@npm:2.1.1"
  checksum: 10c0/78cebaf50bce2cb96341a7230adf28d804611da3ce6bf338efa7b72f06cc6ff648e29f80cd95e582617ba58d5fdbec38abfeed3500a98bce8381a9daec7c548b
  languageName: node
  linkType: hard

"ansi-regex@npm:^5.0.1":
  version: 5.0.1
  resolution: "ansi-regex@npm:5.0.1"
  checksum: 10c0/9a64bb8627b434ba9327b60c027742e5d17ac69277960d041898596271d992d4d52ba7267a63ca10232e29f6107fc8a835f6ce8d719b88c5f8493f8254813737
  languageName: node
  linkType: hard

"ansi-styles@npm:^2.2.1":
  version: 2.2.1
  resolution: "ansi-styles@npm:2.2.1"
  checksum: 10c0/7c68aed4f1857389e7a12f85537ea5b40d832656babbf511cc7ecd9efc52889b9c3e5653a71a6aade783c3c5e0aa223ad4ff8e83c27ac8a666514e6c79068cab
  languageName: node
  linkType: hard

"ansi-styles@npm:^4.0.0":
  version: 4.3.0
  resolution: "ansi-styles@npm:4.3.0"
  dependencies:
    color-convert: "npm:^2.0.1"
  checksum: 10c0/895a23929da416f2bd3de7e9cb4eabd340949328ab85ddd6e484a637d8f6820d485f53933446f5291c3b760cbc488beb8e88573dd0f9c7daf83dccc8fe81b041
  languageName: node
  linkType: hard

"ansi-term@npm:>=0.0.2":
  version: 0.0.2
  resolution: "ansi-term@npm:0.0.2"
  dependencies:
    x256: "npm:>=0.0.1"
  checksum: 10c0/a5e2009c06c483f980f59c529a8b257848ec505a733936ae7d7e18a6c6510abecf5eda8aa0d87c1d6b7246a8279c69f5d8122a63b79ee883242d50ccf604b0ae
  languageName: node
  linkType: hard

"ansicolors@npm:~0.3.2":
  version: 0.3.2
  resolution: "ansicolors@npm:0.3.2"
  checksum: 10c0/e202182895e959c5357db6c60791b2abaade99fcc02221da11a581b26a7f83dc084392bc74e4d3875c22f37b3c9ef48842e896e3bfed394ec278194b8003e0ac
  languageName: node
  linkType: hard

"blessed-contrib@npm:^4.11.0":
  version: 4.11.0
  resolution: "blessed-contrib@npm:4.11.0"
  dependencies:
    ansi-term: "npm:>=0.0.2"
    chalk: "npm:^1.1.0"
    drawille-canvas-blessed-contrib: "npm:>=0.1.3"
    lodash: "npm:~>=4.17.21"
    map-canvas: "npm:>=0.1.5"
    marked: "npm:^4.0.12"
    marked-terminal: "npm:^5.1.1"
    memory-streams: "npm:^0.1.0"
    memorystream: "npm:^0.3.1"
    picture-tuber: "npm:^1.0.1"
    sparkline: "npm:^0.1.1"
    strip-ansi: "npm:^3.0.0"
    term-canvas: "npm:0.0.5"
    x256: "npm:>=0.0.1"
  checksum: 10c0/3890d2ca94e6acd4fd21ef2f933a2130f4e2ea48a1889c4ab030c4d49a4e97d011b550ec54c4445a221e50dc4297bcbb1cb6b6594e3cd5c37a89d23a8cddafb7
  languageName: node
  linkType: hard

"blessed@npm:^0.1.81":
  version: 0.1.81
  resolution: "blessed@npm:0.1.81"
  bin:
    blessed: ./bin/tput.js
  checksum: 10c0/19515ff7899e8af0dd6c080e30e849833ee9518508cc4eabae5a2ea5f17440537a2526169081f20c79d73fbbeca26cc798cc4b037ec250f91f4952b3a75a2143
  languageName: node
  linkType: hard

"bresenham@npm:0.0.3":
  version: 0.0.3
  resolution: "bresenham@npm:0.0.3"
  checksum: 10c0/6470003f70b8a0e87f980c7faba20957c9a5e5f1fc8aafecd1b601793ef5a91de5f04987b043445d8051f9af9d68fa907304e9fecb787801a95021999cc2d4f6
  languageName: node
  linkType: hard

"buffers@npm:~0.1.1":
  version: 0.1.1
  resolution: "buffers@npm:0.1.1"
  checksum: 10c0/c7a3284ddb4f5c65431508be65535e3739215f7996aa03e5d3a3fcf03144d35ffca7d9825572e6c6c6007f5308b8553c7b2941fcf5e56fac20dedea7178f5f71
  languageName: node
  linkType: hard

"cardinal@npm:^2.1.1":
  version: 2.1.1
  resolution: "cardinal@npm:2.1.1"
  dependencies:
    ansicolors: "npm:~0.3.2"
    redeyed: "npm:~2.1.0"
  bin:
    cdl: ./bin/cdl.js
  checksum: 10c0/0051d0e64c0e1dff480c1aace4c018c48ecca44030533257af3f023107ccdeb061925603af6d73710f0345b0ae0eb57e5241d181d9b5fdb595d45c5418161675
  languageName: node
  linkType: hard

"chalk@npm:^1.1.0":
  version: 1.1.3
  resolution: "chalk@npm:1.1.3"
  dependencies:
    ansi-styles: "npm:^2.2.1"
    escape-string-regexp: "npm:^1.0.2"
    has-ansi: "npm:^2.0.0"
    strip-ansi: "npm:^3.0.0"
    supports-color: "npm:^2.0.0"
  checksum: 10c0/28c3e399ec286bb3a7111fd4225ebedb0d7b813aef38a37bca7c498d032459c265ef43404201d5fbb8d888d29090899c95335b4c0cda13e8b126ff15c541cef8
  languageName: node
  linkType: hard

"chalk@npm:^5.2.0":
  version: 5.6.2
  resolution: "chalk@npm:5.6.2"
  checksum: 10c0/99a4b0f0e7991796b1e7e3f52dceb9137cae2a9dfc8fc0784a550dc4c558e15ab32ed70b14b21b52beb2679b4892b41a0aa44249bcb996f01e125d58477c6976
  languageName: node
  linkType: hard

"charm@npm:~0.1.0":
  version: 0.1.2
  resolution: "charm@npm:0.1.2"
  checksum: 10c0/5f516d3ceba660688f90041e719858e21e430de347625f462da85a31914b898c4215984b14a4fdefab7b8e50dee09c43d9770765053a93c59d0853cb09aac24d
  languageName: node
  linkType: hard

"cli-table3@npm:^0.6.3":
  version: 0.6.5
  resolution: "cli-table3@npm:0.6.5"
  dependencies:
    "@colors/colors": "npm:1.5.0"
    string-width: "npm:^4.2.0"
  dependenciesMeta:
    "@colors/colors":
      optional: true
  checksum: 10c0/d7cc9ed12212ae68241cc7a3133c52b844113b17856e11f4f81308acc3febcea7cc9fd298e70933e294dd642866b29fd5d113c2c098948701d0c35f09455de78
  languageName: node
  linkType: hard

"cliui@npm:^8.0.1":
  version: 8.0.1
  resolution: "cliui@npm:8.0.1"
  dependencies:
    string-width: "npm:^4.2.0"
    strip-ansi: "npm:^6.0.1"
    wrap-ansi: "npm:^7.0.0"
  checksum: 10c0/4bda0f09c340cbb6dfdc1ed508b3ca080f12992c18d68c6be4d9cf51756033d5266e61ec57529e610dacbf4da1c634423b0c1b11037709cc6b09045cbd815df5
  languageName: node
  linkType: hard

"color-convert@npm:^2.0.1":
  version: 2.0.1
  resolution: "color-convert@npm:2.0.1"
  dependencies:
    color-name: "npm:~1.1.4"
  checksum: 10c0/37e1150172f2e311fe1b2df62c6293a342ee7380da7b9cfdba67ea539909afbd74da27033208d01d6d5cfc65ee7868a22e18d7e7648e004425441c0f8a15a7d7
  languageName: node
  linkType: hard

"color-name@npm:~1.1.4":
  version: 1.1.4
  resolution: "color-name@npm:1.1.4"
  checksum: 10c0/a1a3f914156960902f46f7f56bc62effc6c94e84b2cae157a526b1c1f74b677a47ec602bf68a61abfa2b42d15b7c5651c6dbe72a43af720bc588dff885b10f95
  languageName: node
  linkType: hard

"core-util-is@npm:~1.0.0":
  version: 1.0.3
  resolution: "core-util-is@npm:1.0.3"
  checksum: 10c0/90a0e40abbddfd7618f8ccd63a74d88deea94e77d0e8dbbea059fa7ebebb8fbb4e2909667fe26f3a467073de1a542ebe6ae4c73a73745ac5833786759cd906c9
  languageName: node
  linkType: hard

"cryomedics-smart-cold-storage@workspace:.":
  version: 0.0.0-use.local
  resolution: "cryomedics-smart-cold-storage@workspace:."
  dependencies:
    "@grpc/grpc-js": "npm:^1.9.0"
    "@grpc/proto-loader": "npm:^0.7.0"
    blessed: "npm:^0.1.81"
    blessed-contrib: "npm:^4.11.0"
    dotenv: "npm:^17.4.1"
    pg: "npm:^8.20.0"
    uuid: "npm:^9.0.0"
  languageName: unknown
  linkType: soft

"dotenv@npm:^17.4.1":
  version: 17.4.1
  resolution: "dotenv@npm:17.4.1"
  checksum: 10c0/eb6ae592ee1e8f6b7f62e0f0c2827c4f27bbe9e00abe9d7910e06456e63dccd42f011de94da9450a63c07ccc52c318f527c1b56ad8e2c81a1a16314b53d4fd99
  languageName: node
  linkType: hard

"drawille-blessed-contrib@npm:>=0.0.1":
  version: 1.0.0
  resolution: "drawille-blessed-contrib@npm:1.0.0"
  checksum: 10c0/e9aa4c836e1e3606ac4dce065a5267f6cf17b0cbfb1356092fef6d753a87034e136f269b9367f727c7947cc9c5f0d2b89c552e53d9f55a31c2dd6443000425a2
  languageName: node
  linkType: hard

"drawille-canvas-blessed-contrib@npm:>=0.0.1, drawille-canvas-blessed-contrib@npm:>=0.1.3":
  version: 0.1.3
  resolution: "drawille-canvas-blessed-contrib@npm:0.1.3"
  dependencies:
    ansi-term: "npm:>=0.0.2"
    bresenham: "npm:0.0.3"
    drawille-blessed-contrib: "npm:>=0.0.1"
    gl-matrix: "npm:^2.1.0"
    x256: "npm:>=0.0.1"
  checksum: 10c0/ab01906c6870baa602f5b9fe023487895fa245d962e7b96f7e38bbcd75f30c07afde850d24078372e4a8ee7b0377bb4f2be51776d85afd3dd9e04da9b7c087d9
  languageName: node
  linkType: hard

"emoji-regex@npm:^8.0.0":
  version: 8.0.0
  resolution: "emoji-regex@npm:8.0.0"
  checksum: 10c0/b6053ad39951c4cf338f9092d7bfba448cdfd46fe6a2a034700b149ac9ffbc137e361cbd3c442297f86bed2e5f7576c1b54cc0a6bf8ef5106cc62f496af35010
  languageName: node
  linkType: hard

"escalade@npm:^3.1.1":
  version: 3.2.0
  resolution: "escalade@npm:3.2.0"
  checksum: 10c0/ced4dd3a78e15897ed3be74e635110bbf3b08877b0a41be50dcb325ee0e0b5f65fc2d50e9845194d7c4633f327e2e1c6cce00a71b617c5673df0374201d67f65
  languageName: node
  linkType: hard

"escape-string-regexp@npm:^1.0.2":
  version: 1.0.5
  resolution: "escape-string-regexp@npm:1.0.5"
  checksum: 10c0/a968ad453dd0c2724e14a4f20e177aaf32bb384ab41b674a8454afe9a41c5e6fe8903323e0a1052f56289d04bd600f81278edf140b0fcc02f5cac98d0f5b5371
  languageName: node
  linkType: hard

"esprima@npm:~4.0.0":
  version: 4.0.1
  resolution: "esprima@npm:4.0.1"
  bin:
    esparse: ./bin/esparse.js
    esvalidate: ./bin/esvalidate.js
  checksum: 10c0/ad4bab9ead0808cf56501750fd9d3fb276f6b105f987707d059005d57e182d18a7c9ec7f3a01794ebddcca676773e42ca48a32d67a250c9d35e009ca613caba3
  languageName: node
  linkType: hard

"event-stream@npm:~0.9.8":
  version: 0.9.8
  resolution: "event-stream@npm:0.9.8"
  dependencies:
    optimist: "npm:0.2"
  checksum: 10c0/a58e99dd714016aca67e87a0c0064778ee2be3bbe2c292d07abe67fa2c9f6064f45d9e7cd881a75be3940835b8104f896364df4e590ff5a68e942bc6c745039a
  languageName: node
  linkType: hard

"get-caller-file@npm:^2.0.5":
  version: 2.0.5
  resolution: "get-caller-file@npm:2.0.5"
  checksum: 10c0/c6c7b60271931fa752aeb92f2b47e355eac1af3a2673f47c9589e8f8a41adc74d45551c1bc57b5e66a80609f10ffb72b6f575e4370d61cc3f7f3aaff01757cde
  languageName: node
  linkType: hard

"gl-matrix@npm:^2.1.0":
  version: 2.8.1
  resolution: "gl-matrix@npm:2.8.1"
  checksum: 10c0/4584d2c73bb5e888804f89aa6b552a1f47a6429df000ea6a60b138a72b89203d8ce09b25e2a2a40ccaf61b859d3c6220aa90daa9af3c21b313278026001978a3
  languageName: node
  linkType: hard

"has-ansi@npm:^2.0.0":
  version: 2.0.0
  resolution: "has-ansi@npm:2.0.0"
  dependencies:
    ansi-regex: "npm:^2.0.0"
  checksum: 10c0/f54e4887b9f8f3c4bfefd649c48825b3c093987c92c27880ee9898539e6f01aed261e82e73153c3f920fde0db5bf6ebd58deb498ed1debabcb4bc40113ccdf05
  languageName: node
  linkType: hard

"has-flag@npm:^4.0.0":
  version: 4.0.0
  resolution: "has-flag@npm:4.0.0"
  checksum: 10c0/2e789c61b7888d66993e14e8331449e525ef42aac53c627cc53d1c3334e768bcb6abdc4f5f0de1478a25beec6f0bd62c7549058b7ac53e924040d4f301f02fd1
  languageName: node
  linkType: hard

"here@npm:0.0.2":
  version: 0.0.2
  resolution: "here@npm:0.0.2"
  checksum: 10c0/ab91522550e721af78ec9d247b572b3ff79e729fde520206abdc658853b3d34d7d526136488b176dcaa8612311bcbb890c31e4f36d291ef2d8f01f993dc45698
  languageName: node
  linkType: hard

"inherits@npm:~2.0.1":
  version: 2.0.4
  resolution: "inherits@npm:2.0.4"
  checksum: 10c0/4e531f648b29039fb7426fb94075e6545faa1eb9fe83c29f0b6d9e7263aceb4289d2d4557db0d428188eeb449cc7c5e77b0a0b2c4e248ff2a65933a0dee49ef2
  languageName: node
  linkType: hard

"is-fullwidth-code-point@npm:^3.0.0":
  version: 3.0.0
  resolution: "is-fullwidth-code-point@npm:3.0.0"
  checksum: 10c0/bb11d825e049f38e04c06373a8d72782eee0205bda9d908cc550ccb3c59b99d750ff9537982e01733c1c94a58e35400661f57042158ff5e8f3e90cf936daf0fc
  languageName: node
  linkType: hard

"isarray@npm:0.0.1":
  version: 0.0.1
  resolution: "isarray@npm:0.0.1"
  checksum: 10c0/ed1e62da617f71fe348907c71743b5ed550448b455f8d269f89a7c7ddb8ae6e962de3dab6a74a237b06f5eb7f6ece7a45ada8ce96d87fe972926530f91ae3311
  languageName: node
  linkType: hard

"lodash.camelcase@npm:^4.3.0":
  version: 4.3.0
  resolution: "lodash.camelcase@npm:4.3.0"
  checksum: 10c0/fcba15d21a458076dd309fce6b1b4bf611d84a0ec252cb92447c948c533ac250b95d2e00955801ebc367e5af5ed288b996d75d37d2035260a937008e14eaf432
  languageName: node
  linkType: hard

"lodash@npm:^4.17.21":
  version: 4.18.1
  resolution: "lodash@npm:4.18.1"
  checksum: 10c0/757228fc68805c59789e82185135cf85f05d0b2d3d54631d680ca79ec21944ec8314d4533639a14b8bcfbd97a517e78960933041a5af17ecb693ec6eecb99a27
  languageName: node
  linkType: hard

"lodash@npm:~>=4.17.21":
  version: 4.17.23
  resolution: "lodash@npm:4.17.23"
  checksum: 10c0/1264a90469f5bb95d4739c43eb6277d15b6d9e186df4ac68c3620443160fc669e2f14c11e7d8b2ccf078b81d06147c01a8ccced9aab9f9f63d50dcf8cace6bf6
  languageName: node
  linkType: hard

"long@npm:^5.0.0":
  version: 5.3.2
  resolution: "long@npm:5.3.2"
  checksum: 10c0/7130fe1cbce2dca06734b35b70d380ca3f70271c7f8852c922a7c62c86c4e35f0c39290565eca7133c625908d40e126ac57c02b1b1a4636b9457d77e1e60b981
  languageName: node
  linkType: hard

"map-canvas@npm:>=0.1.5":
  version: 0.1.5
  resolution: "map-canvas@npm:0.1.5"
  dependencies:
    drawille-canvas-blessed-contrib: "npm:>=0.0.1"
    xml2js: "npm:^0.4.5"
  checksum: 10c0/2c282d25939482648519a1296e75797259246d63c5c3e8409f77bf62cf86365501336cbf353abfd25d8beaf1048f779451d871981bea6abdab2bbfa925c7a048
  languageName: node
  linkType: hard

"marked-terminal@npm:^5.1.1":
  version: 5.2.0
  resolution: "marked-terminal@npm:5.2.0"
  dependencies:
    ansi-escapes: "npm:^6.2.0"
    cardinal: "npm:^2.1.1"
    chalk: "npm:^5.2.0"
    cli-table3: "npm:^0.6.3"
    node-emoji: "npm:^1.11.0"
    supports-hyperlinks: "npm:^2.3.0"
  peerDependencies:
    marked: ^1.0.0 || ^2.0.0 || ^3.0.0 || ^4.0.0 || ^5.0.0
  checksum: 10c0/3f10966cf5c7973453442cf2cf8a5479c68c266723af0de9aa6f0687d40dd30b2820de002bb2c737274223c338ef5fcf1215c7f71092ffa35f448f105713b267
  languageName: node
  linkType: hard

"marked@npm:^4.0.12":
  version: 4.3.0
  resolution: "marked@npm:4.3.0"
  bin:
    marked: bin/marked.js
  checksum: 10c0/0013463855e31b9c88d8bb2891a611d10ef1dc79f2e3cbff1bf71ba389e04c5971298c886af0be799d7fa9aa4593b086a136062d59f1210b0480b026a8c5dc47
  languageName: node
  linkType: hard

"memory-streams@npm:^0.1.0":
  version: 0.1.3
  resolution: "memory-streams@npm:0.1.3"
  dependencies:
    readable-stream: "npm:~1.0.2"
  checksum: 10c0/05d1ceff6b420e580ea7b1d8454e42118b06696cbe70c2d5ffc5e0b7df72a4a2152fa4e18216da10d8d5abbd2b2b409b354a8bb6489b30ae854c0dd998c84406
  languageName: node
  linkType: hard

"memorystream@npm:^0.3.1":
  version: 0.3.1
  resolution: "memorystream@npm:0.3.1"
  checksum: 10c0/4bd164657711d9747ff5edb0508b2944414da3464b7fe21ac5c67cf35bba975c4b446a0124bd0f9a8be54cfc18faf92e92bd77563a20328b1ccf2ff04e9f39b9
  languageName: node
  linkType: hard

"node-emoji@npm:^1.11.0":
  version: 1.11.0
  resolution: "node-emoji@npm:1.11.0"
  dependencies:
    lodash: "npm:^4.17.21"
  checksum: 10c0/5dac6502dbef087092d041fcc2686d8be61168593b3a9baf964d62652f55a3a9c2277f171b81cccb851ccef33f2d070f45e633fab1fda3264f8e1ae9041c673f
  languageName: node
  linkType: hard

"nopt@npm:~2.1.2":
  version: 2.1.2
  resolution: "nopt@npm:2.1.2"
  dependencies:
    abbrev: "npm:1"
  bin:
    nopt: ./bin/nopt.js
  checksum: 10c0/408eac67c6e25a3905db964a185d814f777c9ae2f74ddac635eedd708ac87bd2a55eb7efd27b9c405b213d65474fd19d51ef12d5f324e2b4a7f5b33daa2cf031
  languageName: node
  linkType: hard

"optimist@npm:0.2":
  version: 0.2.8
  resolution: "optimist@npm:0.2.8"
  dependencies:
    wordwrap: "npm:>=0.0.1 <0.1.0"
  checksum: 10c0/7a80eb92aa5177952737a9dd0c1b13bbaf69c22a0f63d399e6b2a13f30bf03645a280d871f2c39d8f926659888545527e0c931314229958c78507a0a7c4da98f
  languageName: node
  linkType: hard

"optimist@npm:~0.3.4":
  version: 0.3.7
  resolution: "optimist@npm:0.3.7"
  dependencies:
    wordwrap: "npm:~0.0.2"
  checksum: 10c0/510175b89c4a2410ae0df38ce505a9a1bd4a3a4698006d976da208cd745f1fe9ac081a6f89202b4c99f9efd7a2efd84f356c28ef010921ec5f7416fef22a8a7e
  languageName: node
  linkType: hard

"pg-cloudflare@npm:^1.3.0":
  version: 1.3.0
  resolution: "pg-cloudflare@npm:1.3.0"
  checksum: 10c0/b0866c88af8e54c7b3ed510719d92df37714b3af5e3a3a10d9f761fcec99483e222f5b78a1f2de590368127648087c45c01aaf66fadbe46edb25673eedc4f8fc
  languageName: node
  linkType: hard

"pg-connection-string@npm:^2.12.0":
  version: 2.12.0
  resolution: "pg-connection-string@npm:2.12.0"
  checksum: 10c0/3a26c62884a9f0464718f652bd5d6bce276ebda830c0fef4de4f88ae73c2507d70cae1d45c2f5b49bebd76187fb4c94f889d07c53fca6acd06b2eecbebcdc336
  languageName: node
  linkType: hard

"pg-int8@npm:1.0.1":
  version: 1.0.1
  resolution: "pg-int8@npm:1.0.1"
  checksum: 10c0/be6a02d851fc2a4ae3e9de81710d861de3ba35ac927268973eb3cb618873a05b9424656df464dd43bd7dc3fc5295c3f5b3c8349494f87c7af50ec59ef14e0b98
  languageName: node
  linkType: hard

"pg-pool@npm:^3.13.0":
  version: 3.13.0
  resolution: "pg-pool@npm:3.13.0"
  peerDependencies:
    pg: ">=8.0"
  checksum: 10c0/2756f79cda14e3834356f2ca035deab806bca2172a38a488b62ada54bd3e65d33f583661bbe96da0c0e75e6bc59807ada733c37efca6e24ae2893429936a1549
  languageName: node
  linkType: hard

"pg-protocol@npm:^1.13.0":
  version: 1.13.0
  resolution: "pg-protocol@npm:1.13.0"
  checksum: 10c0/a4e851e6bb8ff404ca19d561cf49b6b0caf45163bd3f289889edaf6c4e9fb25b08fb57f50d37a8cc86007efcf2cbb3dd2372c97a353a546f45eb49ddebc84fa9
  languageName: node
  linkType: hard

"pg-types@npm:2.2.0":
  version: 2.2.0
  resolution: "pg-types@npm:2.2.0"
  dependencies:
    pg-int8: "npm:1.0.1"
    postgres-array: "npm:~2.0.0"
    postgres-bytea: "npm:~1.0.0"
    postgres-date: "npm:~1.0.4"
    postgres-interval: "npm:^1.1.0"
  checksum: 10c0/ab3f8069a323f601cd2d2279ca8c425447dab3f9b61d933b0601d7ffc00d6200df25e26a4290b2b0783b59278198f7dd2ed03e94c4875797919605116a577c65
  languageName: node
  linkType: hard

"pg@npm:^8.20.0":
  version: 8.20.0
  resolution: "pg@npm:8.20.0"
  dependencies:
    pg-cloudflare: "npm:^1.3.0"
    pg-connection-string: "npm:^2.12.0"
    pg-pool: "npm:^3.13.0"
    pg-protocol: "npm:^1.13.0"
    pg-types: "npm:2.2.0"
    pgpass: "npm:1.0.5"
  peerDependencies:
    pg-native: ">=3.0.1"
  dependenciesMeta:
    pg-cloudflare:
      optional: true
  peerDependenciesMeta:
    pg-native:
      optional: true
  checksum: 10c0/e21d44b9fb3ec188e67778d7abd32d945a546f2da5128b6c8c16da8ae1e42fdc953c0d6f0a2ee65d11f31808c1dffaf908cb9c880cd2e8f0ae05525e4b8bc832
  languageName: node
  linkType: hard

"pgpass@npm:1.0.5":
  version: 1.0.5
  resolution: "pgpass@npm:1.0.5"
  dependencies:
    split2: "npm:^4.1.0"
  checksum: 10c0/5ea6c9b2de04c33abb08d33a2dded303c4a3c7162a9264519cbe85c0a9857d712463140ba42fad0c7cd4b21f644dd870b45bb2e02fcbe505b4de0744fd802c1d
  languageName: node
  linkType: hard

"picture-tuber@npm:^1.0.1":
  version: 1.0.2
  resolution: "picture-tuber@npm:1.0.2"
  dependencies:
    buffers: "npm:~0.1.1"
    charm: "npm:~0.1.0"
    event-stream: "npm:~0.9.8"
    optimist: "npm:~0.3.4"
    png-js: "npm:~0.1.0"
    x256: "npm:~0.0.1"
  bin:
    picture-tube: bin/tube.js
  checksum: 10c0/073755970762e712d88951a9830c946588770f474e1c5ec3b0751015aa7007e94880d5c9adbb3017822d4f44562d401c802581b3dd004739d1f0381e8ac44644
  languageName: node
  linkType: hard

"png-js@npm:~0.1.0":
  version: 0.1.1
  resolution: "png-js@npm:0.1.1"
  checksum: 10c0/8c6ef07d3cacbbdb6b7f14a4b05c60dd1f70aa87774c4dc842fdda6d53a98bb25aee08003771abe5dccdf1ea6c5ef05b58ea25686cfcc832c0f0bb24613ac15a
  languageName: node
  linkType: hard

"postgres-array@npm:~2.0.0":
  version: 2.0.0
  resolution: "postgres-array@npm:2.0.0"
  checksum: 10c0/cbd56207e4141d7fbf08c86f2aebf21fa7064943d3f808ec85f442ff94b48d891e7a144cc02665fb2de5dbcb9b8e3183a2ac749959e794b4a4cfd379d7a21d08
  languageName: node
  linkType: hard

"postgres-bytea@npm:~1.0.0":
  version: 1.0.1
  resolution: "postgres-bytea@npm:1.0.1"
  checksum: 10c0/10b28a27c9d703d5befd97c443e62b551096d1014bc59ab574c65bf0688de7f3f068003b2aea8dcff83cf0f6f9a35f9f74457c38856cf8eb81b00cf3fb44f164
  languageName: node
  linkType: hard

"postgres-date@npm:~1.0.4":
  version: 1.0.7
  resolution: "postgres-date@npm:1.0.7"
  checksum: 10c0/0ff91fccc64003e10b767fcfeefb5eaffbc522c93aa65d5051c49b3c4ce6cb93ab091a7d22877a90ad60b8874202c6f1d0f935f38a7235ed3b258efd54b97ca9
  languageName: node
  linkType: hard

"postgres-interval@npm:^1.1.0":
  version: 1.2.0
  resolution: "postgres-interval@npm:1.2.0"
  dependencies:
    xtend: "npm:^4.0.0"
  checksum: 10c0/c1734c3cb79e7f22579af0b268a463b1fa1d084e742a02a7a290c4f041e349456f3bee3b4ee0bb3f226828597f7b76deb615c1b857db9a742c45520100456272
  languageName: node
  linkType: hard

"protobufjs@npm:^7.2.5, protobufjs@npm:^7.5.3":
  version: 7.5.4
  resolution: "protobufjs@npm:7.5.4"
  dependencies:
    "@protobufjs/aspromise": "npm:^1.1.2"
    "@protobufjs/base64": "npm:^1.1.2"
    "@protobufjs/codegen": "npm:^2.0.4"
    "@protobufjs/eventemitter": "npm:^1.1.0"
    "@protobufjs/fetch": "npm:^1.1.0"
    "@protobufjs/float": "npm:^1.0.2"
    "@protobufjs/inquire": "npm:^1.1.0"
    "@protobufjs/path": "npm:^1.1.2"
    "@protobufjs/pool": "npm:^1.1.0"
    "@protobufjs/utf8": "npm:^1.1.0"
    "@types/node": "npm:>=13.7.0"
    long: "npm:^5.0.0"
  checksum: 10c0/913b676109ffb3c05d3d31e03a684e569be91f3bba8613da4a683d69d9dba948daa2afd7d2e7944d1aa6c417890c35d9d9a8883c1160affafb0f9670d59ef722
  languageName: node
  linkType: hard

"readable-stream@npm:~1.0.2":
  version: 1.0.34
  resolution: "readable-stream@npm:1.0.34"
  dependencies:
    core-util-is: "npm:~1.0.0"
    inherits: "npm:~2.0.1"
    isarray: "npm:0.0.1"
    string_decoder: "npm:~0.10.x"
  checksum: 10c0/02272551396ed8930ddee1a088bdf0379f0f7cc47ac49ed8804e998076cb7daec9fbd2b1fd9c0490ec72e56e8bb3651abeb8080492b8e0a9c3f2158330908ed6
  languageName: node
  linkType: hard

"redeyed@npm:~2.1.0":
  version: 2.1.1
  resolution: "redeyed@npm:2.1.1"
  dependencies:
    esprima: "npm:~4.0.0"
  checksum: 10c0/350f5e39aebab3886713a170235c38155ee64a74f0f7e629ecc0144ba33905efea30c2c3befe1fcbf0b0366e344e7bfa34e6b2502b423c9a467d32f1306ef166
  languageName: node
  linkType: hard

"require-directory@npm:^2.1.1":
  version: 2.1.1
  resolution: "require-directory@npm:2.1.1"
  checksum: 10c0/83aa76a7bc1531f68d92c75a2ca2f54f1b01463cb566cf3fbc787d0de8be30c9dbc211d1d46be3497dac5785fe296f2dd11d531945ac29730643357978966e99
  languageName: node
  linkType: hard

"sax@npm:>=0.6.0":
  version: 1.6.0
  resolution: "sax@npm:1.6.0"
  checksum: 10c0/e5593f4a91eb25761a688c4d96902e4e95a0dd6017bc65146b6f21236e3d715cf893333b76bc758923c9574c2fb5a7a76c3a81e96ea15432f2624f906c027c1e
  languageName: node
  linkType: hard

"sparkline@npm:^0.1.1":
  version: 0.1.2
  resolution: "sparkline@npm:0.1.2"
  dependencies:
    here: "npm:0.0.2"
    nopt: "npm:~2.1.2"
  bin:
    sparkline: bin/sparkline
  checksum: 10c0/e0096388c783f396a63d23f8f479a9e70a2703b3a2d169f5c7978142784ca712ee1f02f1ca744ee5f840389a08340680e762bdc725bd5d72d17b0f0dabe1ec3d
  languageName: node
  linkType: hard

"split2@npm:^4.1.0":
  version: 4.2.0
  resolution: "split2@npm:4.2.0"
  checksum: 10c0/b292beb8ce9215f8c642bb68be6249c5a4c7f332fc8ecadae7be5cbdf1ea95addc95f0459ef2e7ad9d45fd1064698a097e4eb211c83e772b49bc0ee423e91534
  languageName: node
  linkType: hard

"string-width@npm:^4.1.0, string-width@npm:^4.2.0, string-width@npm:^4.2.3":
  version: 4.2.3
  resolution: "string-width@npm:4.2.3"
  dependencies:
    emoji-regex: "npm:^8.0.0"
    is-fullwidth-code-point: "npm:^3.0.0"
    strip-ansi: "npm:^6.0.1"
  checksum: 10c0/1e525e92e5eae0afd7454086eed9c818ee84374bb80328fc41217ae72ff5f065ef1c9d7f72da41de40c75fa8bb3dee63d92373fd492c84260a552c636392a47b
  languageName: node
  linkType: hard

"string_decoder@npm:~0.10.x":
  version: 0.10.31
  resolution: "string_decoder@npm:0.10.31"
  checksum: 10c0/1c628d78f974aa7539c496029f48e7019acc32487fc695464f9d6bdfec98edd7d933a06b3216bc2016918f6e75074c611d84430a53cb0e43071597d6c1ac5e25
  languageName: node
  linkType: hard

"strip-ansi@npm:^3.0.0":
  version: 3.0.1
  resolution: "strip-ansi@npm:3.0.1"
  dependencies:
    ansi-regex: "npm:^2.0.0"
  checksum: 10c0/f6e7fbe8e700105dccf7102eae20e4f03477537c74b286fd22cfc970f139002ed6f0d9c10d0e21aa9ed9245e0fa3c9275930e8795c5b947da136e4ecb644a70f
  languageName: node
  linkType: hard

"strip-ansi@npm:^6.0.0, strip-ansi@npm:^6.0.1":
  version: 6.0.1
  resolution: "strip-ansi@npm:6.0.1"
  dependencies:
    ansi-regex: "npm:^5.0.1"
  checksum: 10c0/1ae5f212a126fe5b167707f716942490e3933085a5ff6c008ab97ab2f272c8025d3aa218b7bd6ab25729ca20cc81cddb252102f8751e13482a5199e873680952
  languageName: node
  linkType: hard

"supports-color@npm:^2.0.0":
  version: 2.0.0
  resolution: "supports-color@npm:2.0.0"
  checksum: 10c0/570e0b63be36cccdd25186350a6cb2eaad332a95ff162fa06d9499982315f2fe4217e69dd98e862fbcd9c81eaff300a825a1fe7bf5cc752e5b84dfed042b0dda
  languageName: node
  linkType: hard

"supports-color@npm:^7.0.0":
  version: 7.2.0
  resolution: "supports-color@npm:7.2.0"
  dependencies:
    has-flag: "npm:^4.0.0"
  checksum: 10c0/afb4c88521b8b136b5f5f95160c98dee7243dc79d5432db7efc27efb219385bbc7d9427398e43dd6cc730a0f87d5085ce1652af7efbe391327bc0a7d0f7fc124
  languageName: node
  linkType: hard

"supports-hyperlinks@npm:^2.3.0":
  version: 2.3.0
  resolution: "supports-hyperlinks@npm:2.3.0"
  dependencies:
    has-flag: "npm:^4.0.0"
    supports-color: "npm:^7.0.0"
  checksum: 10c0/4057f0d86afb056cd799602f72d575b8fdd79001c5894bcb691176f14e870a687e7981e50bc1484980e8b688c6d5bcd4931e1609816abb5a7dc1486b7babf6a1
  languageName: node
  linkType: hard

"term-canvas@npm:0.0.5":
  version: 0.0.5
  resolution: "term-canvas@npm:0.0.5"
  checksum: 10c0/d49c78de8474b0fec916766d01e51d67ff31201f2ae6c827153b7120317822e6fdb1a490b1dda19601c4b8bb2a7d8d53aa427248dc36df92624a9014235ebac6
  languageName: node
  linkType: hard

"undici-types@npm:~7.18.0":
  version: 7.18.2
  resolution: "undici-types@npm:7.18.2"
  checksum: 10c0/85a79189113a238959d7a647368e4f7c5559c3a404ebdb8fc4488145ce9426fcd82252a844a302798dfc0e37e6fb178ff481ed03bc4caf634c5757d9ef43521d
  languageName: node
  linkType: hard

"uuid@npm:^9.0.0":
  version: 9.0.1
  resolution: "uuid@npm:9.0.1"
  bin:
    uuid: dist/bin/uuid
  checksum: 10c0/1607dd32ac7fc22f2d8f77051e6a64845c9bce5cd3dd8aa0070c074ec73e666a1f63c7b4e0f4bf2bc8b9d59dc85a15e17807446d9d2b17c8485fbc2147b27f9b
  languageName: node
  linkType: hard

"wordwrap@npm:>=0.0.1 <0.1.0, wordwrap@npm:~0.0.2":
  version: 0.0.3
  resolution: "wordwrap@npm:0.0.3"
  checksum: 10c0/b3b212f8b2167091f59bc60929ada2166eb157abb6c8c82e2a705fe5aa5876440c3966ab39eb6c7bcb2ff0ac0c8d9fba726a9c2057b83bd65cdc1858f9d816ce
  languageName: node
  linkType: hard

"wrap-ansi@npm:^7.0.0":
  version: 7.0.0
  resolution: "wrap-ansi@npm:7.0.0"
  dependencies:
    ansi-styles: "npm:^4.0.0"
    string-width: "npm:^4.1.0"
    strip-ansi: "npm:^6.0.0"
  checksum: 10c0/d15fc12c11e4cbc4044a552129ebc75ee3f57aa9c1958373a4db0292d72282f54373b536103987a4a7594db1ef6a4f10acf92978f79b98c49306a4b58c77d4da
  languageName: node
  linkType: hard

"x256@npm:>=0.0.1, x256@npm:~0.0.1":
  version: 0.0.2
  resolution: "x256@npm:0.0.2"
  checksum: 10c0/a1af31c36ae1980280910707406d9d785f6d5efeae69c820d6cd6895d927a8cae2f720a1fa2c4a5bfdfc0fcfde77544119596e0d2233694335d5d8e16d4333df
  languageName: node
  linkType: hard

"xml2js@npm:^0.4.5":
  version: 0.4.23
  resolution: "xml2js@npm:0.4.23"
  dependencies:
    sax: "npm:>=0.6.0"
    xmlbuilder: "npm:~11.0.0"
  checksum: 10c0/a3f41c9afc46d5bd0bea4070e5108777b605fd5ce2ebb978a68fd4c75513978ad5939f8135664ffea6f1adb342f391b1ba1584ed7955123b036e9ab8a1d26566
  languageName: node
  linkType: hard

"xmlbuilder@npm:~11.0.0":
  version: 11.0.1
  resolution: "xmlbuilder@npm:11.0.1"
  checksum: 10c0/74b979f89a0a129926bc786b913459bdbcefa809afaa551c5ab83f89b1915bdaea14c11c759284bb9b931e3b53004dbc2181e21d3ca9553eeb0b2a7b4e40c35b
  languageName: node
  linkType: hard

"xtend@npm:^4.0.0":
  version: 4.0.2
  resolution: "xtend@npm:4.0.2"
  checksum: 10c0/366ae4783eec6100f8a02dff02ac907bf29f9a00b82ac0264b4d8b832ead18306797e283cf19de776538babfdcb2101375ec5646b59f08c52128ac4ab812ed0e
  languageName: node
  linkType: hard

"y18n@npm:^5.0.5":
  version: 5.0.8
  resolution: "y18n@npm:5.0.8"
  checksum: 10c0/4df2842c36e468590c3691c894bc9cdbac41f520566e76e24f59401ba7d8b4811eb1e34524d57e54bc6d864bcb66baab7ffd9ca42bf1eda596618f9162b91249
  languageName: node
  linkType: hard

"yargs-parser@npm:^21.1.1":
  version: 21.1.1
  resolution: "yargs-parser@npm:21.1.1"
  checksum: 10c0/f84b5e48169479d2f402239c59f084cfd1c3acc197a05c59b98bab067452e6b3ea46d4dd8ba2985ba7b3d32a343d77df0debd6b343e5dae3da2aab2cdf5886b2
  languageName: node
  linkType: hard

"yargs@npm:^17.7.2":
  version: 17.7.2
  resolution: "yargs@npm:17.7.2"
  dependencies:
    cliui: "npm:^8.0.1"
    escalade: "npm:^3.1.1"
    get-caller-file: "npm:^2.0.5"
    require-directory: "npm:^2.1.1"
    string-width: "npm:^4.2.3"
    y18n: "npm:^5.0.5"
    yargs-parser: "npm:^21.1.1"
  checksum: 10c0/ccd7e723e61ad5965fffbb791366db689572b80cca80e0f96aad968dfff4156cd7cd1ad18607afe1046d8241e6fb2d6c08bf7fa7bfb5eaec818735d8feac8f05
  languageName: node
  linkType: hard
